<?xml version="1.0" encoding="utf-8"?>
<Project ToolsVersion="4.0" xmlns="http://schemas.microsoft.com/developer/msbuild/2003">
  <ItemGroup>
    <Filter Include="Source Files">
      <UniqueIdentifier>{4FC737F1-C7A5-4376-A066-2A32D752A2FF}</UniqueIdentifier>
      <Extensions>cpp;c;cc;cxx;def;odl;idl;hpj;bat;asm;asmx</Extensions>
    </Filter>
    <Filter Include="Header Files">
      <UniqueIdentifier>{93995380-89BD-4b04-88EB-625FBE52EBFB}</UniqueIdentifier>
      <Extensions>h;hpp;hxx;hm;inl;inc;xsd</Extensions>
    </Filter>
    <Filter Include="Resource Files">
      <UniqueIdentifier>{67DA6AB6-F800-4c08-8B7A-83BB121AAD01}</UniqueIdentifier>
      <Extensions>rc;ico;cur;bmp;dlg;rc2;rct;bin;rgs;gif;jpg;jpeg;jpe;resx;tiff;tif;png;wav;mfcribbon-ms</Extensions>
    </Filter>
  </ItemGroup>
  <ItemGroup>
    <ClCompile Include="..\..\..\MySdlApplication\glsupport.cpp">
      <Filter>Source Files</Filter>
    </ClCompile>
    <ClCompile Include="..\..\..\MySdlApplication\MySdlApplication.cpp">
      <Filter>Source Files</Filter>
    </ClCompile>
    <ClCompile Include="..\..\..\MySdlApplication\ppm.cpp">
      <Filter>Source Files</Filter>
    </ClCompile>
  </ItemGroup>
  <ItemGroup>
    <ClInclude Include="..\..\..\MySdlApplication\cvec.h">
      <Filter>Header Files</Filter>
    </ClInclude>
    <ClInclude Include="..\..\..\MySdlApplication\geometrymaker.h">
      <Filter>Header Files</Filter>
    </ClInclude>
    <ClInclude Include="..\..\..\MySdlApplication\glsupport.h">
      <Filter>Header Files</Filter>
    </ClInclude>
    <ClInclude Include="..\..\..\MySdlApplication\matrix4.h">
      <Filter>Header Files</Filter>
    </ClInclude>
    <ClInclude Include="..\..\..\MySdlApplication\MySdlApplication.h">
      <Filter>Header Files</Filter>
    </ClInclude>
    <ClInclude Include="..\..\..\MySdlApplication\ppm.h">
      <Filter>Header Files</Filter>
    </ClInclude>
  </ItemGroup>
  <ItemGroup>
    <None Include="..\..\..\MySdlApplication\MyPhoto.jpg">
      <Filter>Resource Files</Filter>
    </None>
    <None Include="..\..\..\MySdlApplication\MyPhoto.png">
      <Filter>Resource Files</Filter>
    </None>
    <None Include="..\..\..\MySdlApplication\five.ppm">
      <Filter>Resource Files</Filter>
    </None>
    <None Include="..\..\..\MySdlApplication\four.ppm">
      <Filter>Resource Files</Filter>
    </None>
    <None Include="..\..\..\MySdlApplication\myphoto.ppm">
      <Filter>Resource Files</Filter>
    </None>
    <None Include="..\..\..\MySdlApplication\one.ppm">
      <Filter>Resource Files</Filter>
    </None>
    <None Include="..\..\..\MySdlApplication\six.ppm">
      <Filter>Resource Files</Filter>
    </None>
    <None Include="..\..\..\MySdlApplication\three.ppm">
      <Filter>Resource Files</Filter>
    </None>
    <None Include="..\..\..\MySdlApplication\two.ppm">
      <Filter>Resource Files</Filter>
    </None>
  </ItemGroup>
</Project>